// !$*UTF8*$!
{
	archiveVersion = 1;
	classes = {
	};
	objectVersion = 56;
	objects = {

/* Begin PBXBuildFile section */
		30DF81A529E42EDE003C9184 /* AppDelegate.swift in Sources */ = {isa = PBXBuildFile; fileRef = 30DF81A429E42EDE003C9184 /* AppDelegate.swift */; };
		30DF81A729E42EDE003C9184 /* SceneDelegate.swift in Sources */ = {isa = PBXBuildFile; fileRef = 30DF81A629E42EDE003C9184 /* SceneDelegate.swift */; };
		30DF81A929E42EDE003C9184 /* ViewController.swift in Sources */ = {isa = PBXBuildFile; fileRef = 30DF81A829E42EDE003C9184 /* ViewController.swift */; };
		30DF81AC29E42EDE003C9184 /* Main.storyboard in Resources */ = {isa = PBXBuildFile; fileRef = 30DF81AA29E42EDE003C9184 /* Main.storyboard */; };
		30DF81AE29E42EDF003C9184 /* Assets.xcassets in Resources */ = {isa = PBXBuildFile; fileRef = 30DF81AD29E42EDF003C9184 /* Assets.xcassets */; };
		30DF81B129E42EDF003C9184 /* LaunchScreen.storyboard in Resources */ = {isa = PBXBuildFile; fileRef = 30DF81AF29E42EDF003C9184 /* LaunchScreen.storyboard */; };
/* End PBXBuildFile section */

/* Begin PBXFileReference section */
		30DF81A129E42EDE003C9184 /* SwiftAlgorithmStudy.app */ = {isa = PBXFileReference; explicitFileType = wrapper.application; includeInIndex = 0; path = SwiftAlgorithmStudy.app; sourceTree = BUILT_PRODUCTS_DIR; };
		30DF81A429E42EDE003C9184 /* AppDelegate.swift */ = {isa = PBXFileReference; lastKnownFileType = sourcecode.swift; path = AppDelegate.swift; sourceTree = "<group>"; };
		30DF81A629E42EDE003C9184 /* SceneDelegate.swift */ = {isa = PBXFileReference; lastKnownFileType = sourcecode.swift; path = SceneDelegate.swift; sourceTree = "<group>"; };
		30DF81A829E42EDE003C9184 /* ViewController.swift */ = {isa = PBXFileReference; lastKnownFileType = sourcecode.swift; path = ViewController.swift; sourceTree = "<group>"; };
		30DF81AB29E42EDE003C9184 /* Base */ = {isa = PBXFileReference; lastKnownFileType = file.storyboard; name = Base; path = Base.lproj/Main.storyboard; sourceTree = "<group>"; };
		30DF81AD29E42EDF003C9184 /* Assets.xcassets */ = {isa = PBXFileReference; lastKnownFileType = folder.assetcatalog; path = Assets.xcassets; sourceTree = "<group>"; };
		30DF81B029E42EDF003C9184 /* Base */ = {isa = PBXFileReference; lastKnownFileType = file.storyboard; name = Base; path = Base.lproj/LaunchScreen.storyboard; sourceTree = "<group>"; };
		30DF81B229E42EDF003C9184 /* Info.plist */ = {isa = PBXFileReference; lastKnownFileType = text.plist.xml; path = Info.plist; sourceTree = "<group>"; };
		30DF81B829E42EED003C9184 /* 타겟 넘버.playground */ = {isa = PBXFileReference; lastKnownFileType = file.playground; path = "타겟 넘버.playground"; sourceTree = "<group>"; xcLanguageSpecificationIdentifier = xcode.lang.swift; };
		30DF81BC29E42F41003C9184 /* BFSDFS.playground */ = {isa = PBXFileReference; lastKnownFileType = file.playground; path = BFSDFS.playground; sourceTree = "<group>"; xcLanguageSpecificationIdentifier = xcode.lang.swift; };
		30DF81BD29E43FF1003C9184 /* 네트워크.playground */ = {isa = PBXFileReference; lastKnownFileType = file.playground; path = "네트워크.playground"; sourceTree = "<group>"; xcLanguageSpecificationIdentifier = xcode.lang.swift; };
		30DF81BE29E45139003C9184 /* 단어변환.playground */ = {isa = PBXFileReference; lastKnownFileType = file.playground; path = "단어변환.playground"; sourceTree = "<group>"; xcLanguageSpecificationIdentifier = xcode.lang.swift; };
/* End PBXFileReference section */

/* Begin PBXFrameworksBuildPhase section */
		30DF819E29E42EDE003C9184 /* Frameworks */ = {
			isa = PBXFrameworksBuildPhase;
			buildActionMask = 2147483647;
			files = (
			);
			runOnlyForDeploymentPostprocessing = 0;
		};
/* End PBXFrameworksBuildPhase section */

/* Begin PBXGroup section */
		30DF819829E42EDD003C9184 = {
			isa = PBXGroup;
			children = (
				30DF81A329E42EDE003C9184 /* SwiftAlgorithmStudy */,
				30DF81A229E42EDE003C9184 /* Products */,
			);
			sourceTree = "<group>";
		};
		30DF81A229E42EDE003C9184 /* Products */ = {
			isa = PBXGroup;
			children = (
				30DF81A129E42EDE003C9184 /* SwiftAlgorithmStudy.app */,
			);
			name = Products;
			sourceTree = "<group>";
		};
		30DF81A329E42EDE003C9184 /* SwiftAlgorithmStudy */ = {
			isa = PBXGroup;
			children = (
				30DF81B229E42EDF003C9184 /* Info.plist */,
				30DF81BA29E42F1B003C9184 /* Programmers */,
				30DF81B929E42EFD003C9184 /* View */,
			);
			path = SwiftAlgorithmStudy;
			sourceTree = "<group>";
		};
		30DF81B929E42EFD003C9184 /* View */ = {
			isa = PBXGroup;
			children = (
				30DF81A429E42EDE003C9184 /* AppDelegate.swift */,
				30DF81A629E42EDE003C9184 /* SceneDelegate.swift */,
				30DF81A829E42EDE003C9184 /* ViewController.swift */,
				30DF81AA29E42EDE003C9184 /* Main.storyboard */,
				30DF81AD29E42EDF003C9184 /* Assets.xcassets */,
				30DF81AF29E42EDF003C9184 /* LaunchScreen.storyboard */,
			);
			path = View;
			sourceTree = "<group>";
		};
		30DF81BA29E42F1B003C9184 /* Programmers */ = {
			isa = PBXGroup;
			children = (
				7B74A03C29E50871008A20B8 /* 기초 */,
				30DF81BB29E42F29003C9184 /* BFSDFS */,
			);
			path = Programmers;
			sourceTree = "<group>";
		};
		30DF81BB29E42F29003C9184 /* BFSDFS */ = {
			isa = PBXGroup;
			children = (
				30DF81B829E42EED003C9184 /* 타겟 넘버.playground */,
				30DF81BC29E42F41003C9184 /* BFSDFS.playground */,
				30DF81BD29E43FF1003C9184 /* 네트워크.playground */,
				30DF81BE29E45139003C9184 /* 단어변환.playground */,
			);
			path = BFSDFS;
			sourceTree = "<group>";
		};
		7B74A03C29E50871008A20B8 /* 기초 */ = {
			isa = PBXGroup;
			children = (
			);
			name = "기초";
			path = "기초";
			sourceTree = "<group>";
		};
/* End PBXGroup section */

/* Begin PBXNativeTarget section */
		30DF81A029E42EDE003C9184 /* SwiftAlgorithmStudy */ = {
			isa = PBXNativeTarget;
			buildConfigurationList = 30DF81B529E42EDF003C9184 /* Build configuration list for PBXNativeTarget "SwiftAlgorithmStudy" */;
			buildPhases = (
				30DF819D29E42EDE003C9184 /* Sources */,
				30DF819E29E42EDE003C9184 /* Frameworks */,
				30DF819F29E42EDE003C9184 /* Resources */,
			);
			buildRules = (
			);
			dependencies = (
			);
			name = SwiftAlgorithmStudy;
			productName = SwiftAlgorithmStudy;
			productReference = 30DF81A129E42EDE003C9184 /* SwiftAlgorithmStudy.app */;
			productType = "com.apple.product-type.application";
		};
/* End PBXNativeTarget section */

/* Begin PBXProject section */
		30DF819929E42EDD003C9184 /* Project object */ = {
			isa = PBXProject;
			attributes = {
				BuildIndependentTargetsInParallel = 1;
				LastSwiftUpdateCheck = 1410;
				LastUpgradeCheck = 1410;
				TargetAttributes = {
					30DF81A029E42EDE003C9184 = {
						CreatedOnToolsVersion = 14.1;
					};
				};
			};
			buildConfigurationList = 30DF819C29E42EDD003C9184 /* Build configuration list for PBXProject "SwiftAlgorithmStudy" */;
			compatibilityVersion = "Xcode 14.0";
			developmentRegion = en;
			hasScannedForEncodings = 0;
			knownRegions = (
				en,
				Base,
			);
			mainGroup = 30DF819829E42EDD003C9184;
			productRefGroup = 30DF81A229E42EDE003C9184 /* Products */;
			projectDirPath = "";
			projectRoot = "";
			targets = (
				30DF81A029E42EDE003C9184 /* SwiftAlgorithmStudy */,
			);
		};
/* End PBXProject section */

/* Begin PBXResourcesBuildPhase section */
		30DF819F29E42EDE003C9184 /* Resources */ = {
			isa = PBXResourcesBuildPhase;
			buildActionMask = 2147483647;
			files = (
				30DF81B129E42EDF003C9184 /* LaunchScreen.storyboard in Resources */,
				30DF81AE29E42EDF003C9184 /* Assets.xcassets in Resources */,
				30DF81AC29E42EDE003C9184 /* Main.storyboard in Resources */,
			);
			runOnlyForDeploymentPostprocessing = 0;
		};
/* End PBXResourcesBuildPhase section */

/* Begin PBXSourcesBuildPhase section */
		30DF819D29E42EDE003C9184 /* Sources */ = {
			isa = PBXSourcesBuildPhase;
			buildActionMask = 2147483647;
			files = (
				30DF81A929E42EDE003C9184 /* ViewController.swift in Sources */,
				30DF81A529E42EDE003C9184 /* AppDelegate.swift in Sources */,
				30DF81A729E42EDE003C9184 /* SceneDelegate.swift in Sources */,
			);
			runOnlyForDeploymentPostprocessing = 0;
		};
/* End PBXSourcesBuildPhase section */

/* Begin PBXVariantGroup section */
		30DF81AA29E42EDE003C9184 /* Main.storyboard */ = {
			isa = PBXVariantGroup;
			children = (
				30DF81AB29E42EDE003C9184 /* Base */,
			);
			name = Main.storyboard;
			sourceTree = "<group>";
		};
		30DF81AF29E42EDF003C9184 /* LaunchScreen.storyboard */ = {
			isa = PBXVariantGroup;
			children = (
				30DF81B029E42EDF003C9184 /* Base */,
			);
			name = LaunchScreen.storyboard;
			sourceTree = "<group>";
		};
/* End PBXVariantGroup section */

/* Begin XCBuildConfiguration section */
		30DF81B329E42EDF003C9184 /* Debug */ = {
			isa = XCBuildConfiguration;
			buildSettings = {
				ALWAYS_SEARCH_USER_PATHS = NO;
				CLANG_ANALYZER_NONNULL = YES;
				CLANG_ANALYZER_NUMBER_OBJECT_CONVERSION = YES_AGGRESSIVE;
				CLANG_CXX_LANGUAGE_STANDARD = "gnu++20";
				CLANG_ENABLE_MODULES = YES;
				CLANG_ENABLE_OBJC_ARC = YES;
				CLANG_ENABLE_OBJC_WEAK = YES;
				CLANG_WARN_BLOCK_CAPTURE_AUTORELEASING = YES;
				CLANG_WARN_BOOL_CONVERSION = YES;
				CLANG_WARN_COMMA = YES;
				CLANG_WARN_CONSTANT_CONVERSION = YES;
				CLANG_WARN_DEPRECATED_OBJC_IMPLEMENTATIONS = YES;
				CLANG_WARN_DIRECT_OBJC_ISA_USAGE = YES_ERROR;
				CLANG_WARN_DOCUMENTATION_COMMENTS = YES;
				CLANG_WARN_EMPTY_BODY = YES;
				CLANG_WARN_ENUM_CONVERSION = YES;
				CLANG_WARN_INFINITE_RECURSION = YES;
				CLANG_WARN_INT_CONVERSION = YES;
				CLANG_WARN_NON_LITERAL_NULL_CONVERSION = YES;
				CLANG_WARN_OBJC_IMPLICIT_RETAIN_SELF = YES;
				CLANG_WARN_OBJC_LITERAL_CONVERSION = YES;
				CLANG_WARN_OBJC_ROOT_CLASS = YES_ERROR;
				CLANG_WARN_QUOTED_INCLUDE_IN_FRAMEWORK_HEADER = YES;
				CLANG_WARN_RANGE_LOOP_ANALYSIS = YES;
				CLANG_WARN_STRICT_PROTOTYPES = YES;
				CLANG_WARN_SUSPICIOUS_MOVE = YES;
				CLANG_WARN_UNGUARDED_AVAILABILITY = YES_AGGRESSIVE;
				CLANG_WARN_UNREACHABLE_CODE = YES;
				CLANG_WARN__DUPLICATE_METHOD_MATCH = YES;
				COPY_PHASE_STRIP = NO;
				DEBUG_INFORMATION_FORMAT = dwarf;
				ENABLE_STRICT_OBJC_MSGSEND = YES;
				ENABLE_TESTABILITY = YES;
				GCC_C_LANGUAGE_STANDARD = gnu11;
				GCC_DYNAMIC_NO_PIC = NO;
				GCC_NO_COMMON_BLOCKS = YES;
				GCC_OPTIMIZATION_LEVEL = 0;
				GCC_PREPROCESSOR_DEFINITIONS = (
					"DEBUG=1",
					"$(inherited)",
				);
				GCC_WARN_64_TO_32_BIT_CONVERSION = YES;
				GCC_WARN_ABOUT_RETURN_TYPE = YES_ERROR;
				GCC_WARN_UNDECLARED_SELECTOR = YES;
				GCC_WARN_UNINITIALIZED_AUTOS = YES_AGGRESSIVE;
				GCC_WARN_UNUSED_FUNCTION = YES;
				GCC_WARN_UNUSED_VARIABLE = YES;
				IPHONEOS_DEPLOYMENT_TARGET = 16.1;
				MTL_ENABLE_DEBUG_INFO = INCLUDE_SOURCE;
				MTL_FAST_MATH = YES;
				ONLY_ACTIVE_ARCH = YES;
				SDKROOT = iphoneos;
				SWIFT_ACTIVE_COMPILATION_CONDITIONS = DEBUG;
				SWIFT_OPTIMIZATION_LEVEL = "-Onone";
			};
			name = Debug;
		};
		30DF81B429E42EDF003C9184 /* Release */ = {
			isa = XCBuildConfiguration;
			buildSettings = {
				ALWAYS_SEARCH_USER_PATHS = NO;
				CLANG_ANALYZER_NONNULL = YES;
				CLANG_ANALYZER_NUMBER_OBJECT_CONVERSION = YES_AGGRESSIVE;
				CLANG_CXX_LANGUAGE_STANDARD = "gnu++20";
				CLANG_ENABLE_MODULES = YES;
				CLANG_ENABLE_OBJC_ARC = YES;
				CLANG_ENABLE_OBJC_WEAK = YES;
				CLANG_WARN_BLOCK_CAPTURE_AUTORELEASING = YES;
				CLANG_WARN_BOOL_CONVERSION = YES;
				CLANG_WARN_COMMA = YES;
				CLANG_WARN_CONSTANT_CONVERSION = YES;
				CLANG_WARN_DEPRECATED_OBJC_IMPLEMENTATIONS = YES;
				CLANG_WARN_DIRECT_OBJC_ISA_USAGE = YES_ERROR;
				CLANG_WARN_DOCUMENTATION_COMMENTS = YES;
				CLANG_WARN_EMPTY_BODY = YES;
				CLANG_WARN_ENUM_CONVERSION = YES;
				CLANG_WARN_INFINITE_RECURSION = YES;
				CLANG_WARN_INT_CONVERSION = YES;
				CLANG_WARN_NON_LITERAL_NULL_CONVERSION = YES;
				CLANG_WARN_OBJC_IMPLICIT_RETAIN_SELF = YES;
				CLANG_WARN_OBJC_LITERAL_CONVERSION = YES;
				CLANG_WARN_OBJC_ROOT_CLASS = YES_ERROR;
				CLANG_WARN_QUOTED_INCLUDE_IN_FRAMEWORK_HEADER = YES;
				CLANG_WARN_RANGE_LOOP_ANALYSIS = YES;
				CLANG_WARN_STRICT_PROTOTYPES = YES;
				CLANG_WARN_SUSPICIOUS_MOVE = YES;
				CLANG_WARN_UNGUARDED_AVAILABILITY = YES_AGGRESSIVE;
				CLANG_WARN_UNREACHABLE_CODE = YES;
				CLANG_WARN__DUPLICATE_METHOD_MATCH = YES;
				COPY_PHASE_STRIP = NO;
				DEBUG_INFORMATION_FORMAT = "dwarf-with-dsym";
				ENABLE_NS_ASSERTIONS = NO;
				ENABLE_STRICT_OBJC_MSGSEND = YES;
				GCC_C_LANGUAGE_STANDARD = gnu11;
				GCC_NO_COMMON_BLOCKS = YES;
				GCC_WARN_64_TO_32_BIT_CONVERSION = YES;
				GCC_WARN_ABOUT_RETURN_TYPE = YES_ERROR;
				GCC_WARN_UNDECLARED_SELECTOR = YES;
				GCC_WARN_UNINITIALIZED_AUTOS = YES_AGGRESSIVE;
				GCC_WARN_UNUSED_FUNCTION = YES;
				GCC_WARN_UNUSED_VARIABLE = YES;
				IPHONEOS_DEPLOYMENT_TARGET = 16.1;
				MTL_ENABLE_DEBUG_INFO = NO;
				MTL_FAST_MATH = YES;
				SDKROOT = iphoneos;
				SWIFT_COMPILATION_MODE = wholemodule;
				SWIFT_OPTIMIZATION_LEVEL = "-O";
				VALIDATE_PRODUCT = YES;
			};
			name = Release;
		};
		30DF81B629E42EDF003C9184 /* Debug */ = {
			isa = XCBuildConfiguration;
			buildSettings = {
				ASSETCATALOG_COMPILER_APPICON_NAME = AppIcon;
				ASSETCATALOG_COMPILER_GLOBAL_ACCENT_COLOR_NAME = AccentColor;
				CODE_SIGN_STYLE = Automatic;
				CURRENT_PROJECT_VERSION = 1;
				DEVELOPMENT_TEAM = 9Y3C29YBST;
				GENERATE_INFOPLIST_FILE = YES;
				INFOPLIST_FILE = SwiftAlgorithmStudy/Info.plist;
				INFOPLIST_KEY_UIApplicationSupportsIndirectInputEvents = YES;
				INFOPLIST_KEY_UILaunchStoryboardName = LaunchScreen;
				INFOPLIST_KEY_UIMainStoryboardFile = Main;
				INFOPLIST_KEY_UISupportedInterfaceOrientations_iPad = "UIInterfaceOrientationPortrait UIInterfaceOrientationPortraitUpsideDown UIInterfaceOrientationLandscapeLeft UIInterfaceOrientationLandscapeRight";
				INFOPLIST_KEY_UISupportedInterfaceOrientations_iPhone = "UIInterfaceOrientationPortrait UIInterfaceOrientationLandscapeLeft UIInterfaceOrientationLandscapeRight";
				LD_RUNPATH_SEARCH_PATHS = (
					"$(inherited)",
					"@executable_path/Frameworks",
				);
				MARKETING_VERSION = 1.0;
				PRODUCT_BUNDLE_IDENTIFIER = "-23.SwiftAlgorithmStudy";
				PRODUCT_NAME = "$(TARGET_NAME)";
				SWIFT_EMIT_LOC_STRINGS = YES;
				SWIFT_VERSION = 5.0;
				TARGETED_DEVICE_FAMILY = "1,2";
			};
			name = Debug;
		};
		30DF81B729E42EDF003C9184 /* Release */ = {
			isa = XCBuildConfiguration;
			buildSettings = {
				ASSETCATALOG_COMPILER_APPICON_NAME = AppIcon;
				ASSETCATALOG_COMPILER_GLOBAL_ACCENT_COLOR_NAME = AccentColor;
				CODE_SIGN_STYLE = Automatic;
				CURRENT_PROJECT_VERSION = 1;
				DEVELOPMENT_TEAM = 9Y3C29YBST;
				GENERATE_INFOPLIST_FILE = YES;
				INFOPLIST_FILE = SwiftAlgorithmStudy/Info.plist;
				INFOPLIST_KEY_UIApplicationSupportsIndirectInputEvents = YES;
				INFOPLIST_KEY_UILaunchStoryboardName = LaunchScreen;
				INFOPLIST_KEY_UIMainStoryboardFile = Main;
				INFOPLIST_KEY_UISupportedInterfaceOrientations_iPad = "UIInterfaceOrientationPortrait UIInterfaceOrientationPortraitUpsideDown UIInterfaceOrientationLandscapeLeft UIInterfaceOrientationLandscapeRight";
				INFOPLIST_KEY_UISupportedInterfaceOrientations_iPhone = "UIInterfaceOrientationPortrait UIInterfaceOrientationLandscapeLeft UIInterfaceOrientationLandscapeRight";
				LD_RUNPATH_SEARCH_PATHS = (
					"$(inherited)",
					"@executable_path/Frameworks",
				);
				MARKETING_VERSION = 1.0;
				PRODUCT_BUNDLE_IDENTIFIER = "-23.SwiftAlgorithmStudy";
				PRODUCT_NAME = "$(TARGET_NAME)";
				SWIFT_EMIT_LOC_STRINGS = YES;
				SWIFT_VERSION = 5.0;
				TARGETED_DEVICE_FAMILY = "1,2";
			};
			name = Release;
		};
/* End XCBuildConfiguration section */

/* Begin XCConfigurationList section */
		30DF819C29E42EDD003C9184 /* Build configuration list for PBXProject "SwiftAlgorithmStudy" */ = {
			isa = XCConfigurationList;
			buildConfigurations = (
				30DF81B329E42EDF003C9184 /* Debug */,
				30DF81B429E42EDF003C9184 /* Release */,
			);
			defaultConfigurationIsVisible = 0;
			defaultConfigurationName = Release;
		};
		30DF81B529E42EDF003C9184 /* Build configuration list for PBXNativeTarget "SwiftAlgorithmStudy" */ = {
			isa = XCConfigurationList;
			buildConfigurations = (
				30DF81B629E42EDF003C9184 /* Debug */,
				30DF81B729E42EDF003C9184 /* Release */,
			);
			defaultConfigurationIsVisible = 0;
			defaultConfigurationName = Release;
		};
/* End XCConfigurationList section */
	};
	rootObject = 30DF819929E42EDD003C9184 /* Project object */;
}
