// !$*UTF8*$!
{
	archiveVersion = 1;
	classes = {
	};
	objectVersion = 56;
	objects = {

/* Begin PBXBuildFile section */
		30DF81A529E42EDE003C9184 /* AppDelegate.swift in Sources */ = {isa = PBXBuildFile; fileRef = 30DF81A429E42EDE003C9184 /* AppDelegate.swift */; };
		30DF81A729E42EDE003C9184 /* SceneDelegate.swift in Sources */ = {isa = PBXBuildFile; fileRef = 30DF81A629E42EDE003C9184 /* SceneDelegate.swift */; };
		30DF81A929E42EDE003C9184 /* ViewController.swift in Sources */ = {isa = PBXBuildFile; fileRef = 30DF81A829E42EDE003C9184 /* ViewController.swift */; };
		30DF81AC29E42EDE003C9184 /* Main.storyboard in Resources */ = {isa = PBXBuildFile; fileRef = 30DF81AA29E42EDE003C9184 /* Main.storyboard */; };
		30DF81AE29E42EDF003C9184 /* Assets.xcassets in Resources */ = {isa = PBXBuildFile; fileRef = 30DF81AD29E42EDF003C9184 /* Assets.xcassets */; };
		30DF81B129E42EDF003C9184 /* LaunchScreen.storyboard in Resources */ = {isa = PBXBuildFile; fileRef = 30DF81AF29E42EDF003C9184 /* LaunchScreen.storyboard */; };
		7B74A05029E50A34008A20B8 /* DP문제 in Resources */ = {isa = PBXBuildFile; fileRef = 7B74A04A29E50A33008A20B8 /* DP문제 */; };
		7B74A05129E50A34008A20B8 /* SegmentTree문제 in Resources */ = {isa = PBXBuildFile; fileRef = 7B74A04B29E50A34008A20B8 /* SegmentTree문제 */; };
		7B74A05229E50A34008A20B8 /* Priority queue문제 in Resources */ = {isa = PBXBuildFile; fileRef = 7B74A04C29E50A34008A20B8 /* Priority queue문제 */; };
		7B74A05329E50A34008A20B8 /* Brute Force문제 in Resources */ = {isa = PBXBuildFile; fileRef = 7B74A04D29E50A34008A20B8 /* Brute Force문제 */; };
		7B74A05429E50A34008A20B8 /* Stack문제 in Resources */ = {isa = PBXBuildFile; fileRef = 7B74A04E29E50A34008A20B8 /* Stack문제 */; };
		7B74A05529E50A34008A20B8 /* Greedy문제 in Resources */ = {isa = PBXBuildFile; fileRef = 7B74A04F29E50A34008A20B8 /* Greedy문제 */; };
		7B74A07229E50ACC008A20B8 /* DFS_BFS in Resources */ = {isa = PBXBuildFile; fileRef = 7B74A06F29E50ACC008A20B8 /* DFS_BFS */; };
		7B74A07329E50ACC008A20B8 /* 알고리즘DP in Resources */ = {isa = PBXBuildFile; fileRef = 7B74A07029E50ACC008A20B8 /* 알고리즘DP */; };
		7B74A07429E50ACC008A20B8 /* Karasuba in Resources */ = {isa = PBXBuildFile; fileRef = 7B74A07129E50ACC008A20B8 /* Karasuba */; };
		7B74A08C29E50B89008A20B8 /* Graph in Resources */ = {isa = PBXBuildFile; fileRef = 7B74A08529E50B88008A20B8 /* Graph */; };
		7B74A08D29E50B89008A20B8 /* LinkedList in Resources */ = {isa = PBXBuildFile; fileRef = 7B74A08629E50B88008A20B8 /* LinkedList */; };
		7B74A08E29E50B89008A20B8 /* Priority queue in Resources */ = {isa = PBXBuildFile; fileRef = 7B74A08729E50B89008A20B8 /* Priority queue */; };
		7B74A08F29E50B89008A20B8 /* Stack in Resources */ = {isa = PBXBuildFile; fileRef = 7B74A08829E50B89008A20B8 /* Stack */; };
		7B74A09029E50B89008A20B8 /* Queue in Resources */ = {isa = PBXBuildFile; fileRef = 7B74A08929E50B89008A20B8 /* Queue */; };
		7B74A09129E50B89008A20B8 /* Sort in Resources */ = {isa = PBXBuildFile; fileRef = 7B74A08A29E50B89008A20B8 /* Sort */; };
		7B74A09229E50B89008A20B8 /* Tree in Resources */ = {isa = PBXBuildFile; fileRef = 7B74A08B29E50B89008A20B8 /* Tree */; };
/* End PBXBuildFile section */

/* Begin PBXFileReference section */
		30DF81A129E42EDE003C9184 /* SwiftAlgorithmStudy.app */ = {isa = PBXFileReference; explicitFileType = wrapper.application; includeInIndex = 0; path = SwiftAlgorithmStudy.app; sourceTree = BUILT_PRODUCTS_DIR; };
		30DF81A429E42EDE003C9184 /* AppDelegate.swift */ = {isa = PBXFileReference; lastKnownFileType = sourcecode.swift; path = AppDelegate.swift; sourceTree = "<group>"; };
		30DF81A629E42EDE003C9184 /* SceneDelegate.swift */ = {isa = PBXFileReference; lastKnownFileType = sourcecode.swift; path = SceneDelegate.swift; sourceTree = "<group>"; };
		30DF81A829E42EDE003C9184 /* ViewController.swift */ = {isa = PBXFileReference; lastKnownFileType = sourcecode.swift; path = ViewController.swift; sourceTree = "<group>"; };
		30DF81AB29E42EDE003C9184 /* Base */ = {isa = PBXFileReference; lastKnownFileType = file.storyboard; name = Base; path = Base.lproj/Main.storyboard; sourceTree = "<group>"; };
		30DF81AD29E42EDF003C9184 /* Assets.xcassets */ = {isa = PBXFileReference; lastKnownFileType = folder.assetcatalog; path = Assets.xcassets; sourceTree = "<group>"; };
		30DF81B029E42EDF003C9184 /* Base */ = {isa = PBXFileReference; lastKnownFileType = file.storyboard; name = Base; path = Base.lproj/LaunchScreen.storyboard; sourceTree = "<group>"; };
		30DF81B229E42EDF003C9184 /* Info.plist */ = {isa = PBXFileReference; lastKnownFileType = text.plist.xml; path = Info.plist; sourceTree = "<group>"; };
		30DF81B829E42EED003C9184 /* 타겟 넘버.playground */ = {isa = PBXFileReference; lastKnownFileType = file.playground; path = "타겟 넘버.playground"; sourceTree = "<group>"; xcLanguageSpecificationIdentifier = xcode.lang.swift; };
		30DF81BC29E42F41003C9184 /* BFSDFS.playground */ = {isa = PBXFileReference; lastKnownFileType = file.playground; path = BFSDFS.playground; sourceTree = "<group>"; xcLanguageSpecificationIdentifier = xcode.lang.swift; };
		30DF81BD29E43FF1003C9184 /* 네트워크.playground */ = {isa = PBXFileReference; lastKnownFileType = file.playground; path = "네트워크.playground"; sourceTree = "<group>"; xcLanguageSpecificationIdentifier = xcode.lang.swift; };
		30DF81BE29E45139003C9184 /* 단어변환.playground */ = {isa = PBXFileReference; lastKnownFileType = file.playground; path = "단어변환.playground"; sourceTree = "<group>"; xcLanguageSpecificationIdentifier = xcode.lang.swift; };
		30E2C02B29E58DD60092D94E /* 퍼즐 조각 채우기.playground */ = {isa = PBXFileReference; lastKnownFileType = file.playground; path = "퍼즐 조각 채우기.playground"; sourceTree = "<group>"; xcLanguageSpecificationIdentifier = xcode.lang.swift; };
		7B74A03D29E509D8008A20B8 /* 공원산책.playground */ = {isa = PBXFileReference; lastKnownFileType = file.playground; path = "공원산책.playground"; sourceTree = "<group>"; xcLanguageSpecificationIdentifier = xcode.lang.swift; };
		7B74A03E29E509D9008A20B8 /* 덧칠하기.playground */ = {isa = PBXFileReference; lastKnownFileType = file.playground; path = "덧칠하기.playground"; sourceTree = "<group>"; };
		7B74A03F29E509D9008A20B8 /* 광물 캐기.playground */ = {isa = PBXFileReference; lastKnownFileType = file.playground; path = "광물 캐기.playground"; sourceTree = "<group>"; };
		7B74A04029E509D9008A20B8 /* 둘만의 암호.playground */ = {isa = PBXFileReference; lastKnownFileType = file.playground; path = "둘만의 암호.playground"; sourceTree = "<group>"; };
		7B74A04129E509D9008A20B8 /* 대충 만든 자판.playground */ = {isa = PBXFileReference; lastKnownFileType = file.playground; path = "대충 만든 자판.playground"; sourceTree = "<group>"; };
		7B74A04229E509D9008A20B8 /* 과제 진행하기.playground */ = {isa = PBXFileReference; lastKnownFileType = file.playground; path = "과제 진행하기.playground"; sourceTree = "<group>"; };
		7B74A04329E509D9008A20B8 /* 바탕화면 정리.playground */ = {isa = PBXFileReference; lastKnownFileType = file.playground; path = "바탕화면 정리.playground"; sourceTree = "<group>"; };
		7B74A04429E509D9008A20B8 /* 추억점수.playground */ = {isa = PBXFileReference; lastKnownFileType = file.playground; path = "추억점수.playground"; sourceTree = "<group>"; };
		7B74A04529E509D9008A20B8 /* 카드 뭉치.playground */ = {isa = PBXFileReference; lastKnownFileType = file.playground; path = "카드 뭉치.playground"; sourceTree = "<group>"; xcLanguageSpecificationIdentifier = xcode.lang.swift; };
		7B74A04729E50A24008A20B8 /* 덧칠하기.playground */ = {isa = PBXFileReference; lastKnownFileType = file.playground; name = "덧칠하기.playground"; path = "../../../../practice_back/BaekJoon_ algorithm/덧칠하기.playground"; sourceTree = "<group>"; xcLanguageSpecificationIdentifier = xcode.lang.swift; };
		7B74A04829E50A24008A20B8 /* 카드 뭉치.playground */ = {isa = PBXFileReference; lastKnownFileType = file.playground; name = "카드 뭉치.playground"; path = "../../../../practice_back/BaekJoon_ algorithm/카드 뭉치.playground"; sourceTree = "<group>"; };
		7B74A04929E50A24008A20B8 /* 대충 만든 자판.playground */ = {isa = PBXFileReference; lastKnownFileType = file.playground; name = "대충 만든 자판.playground"; path = "../../../../practice_back/BaekJoon_ algorithm/대충 만든 자판.playground"; sourceTree = "<group>"; xcLanguageSpecificationIdentifier = xcode.lang.swift; };
		7B74A04A29E50A33008A20B8 /* DP문제 */ = {isa = PBXFileReference; lastKnownFileType = folder; path = "DP문제"; sourceTree = "<group>"; };
		7B74A04B29E50A34008A20B8 /* SegmentTree문제 */ = {isa = PBXFileReference; lastKnownFileType = folder; path = "SegmentTree문제"; sourceTree = "<group>"; };
		7B74A04C29E50A34008A20B8 /* Priority queue문제 */ = {isa = PBXFileReference; lastKnownFileType = folder; path = "Priority queue문제"; sourceTree = "<group>"; };
		7B74A04D29E50A34008A20B8 /* Brute Force문제 */ = {isa = PBXFileReference; lastKnownFileType = folder; path = "Brute Force문제"; sourceTree = "<group>"; };
		7B74A04E29E50A34008A20B8 /* Stack문제 */ = {isa = PBXFileReference; lastKnownFileType = folder; path = "Stack문제"; sourceTree = "<group>"; };
		7B74A04F29E50A34008A20B8 /* Greedy문제 */ = {isa = PBXFileReference; lastKnownFileType = folder; path = "Greedy문제"; sourceTree = "<group>"; };
		7B74A06729E50AAA008A20B8 /* Design_init&Convenience_init.playground */ = {isa = PBXFileReference; lastKnownFileType = file.playground; path = "Design_init&Convenience_init.playground"; sourceTree = "<group>"; };
		7B74A06829E50AAA008A20B8 /* String.playground */ = {isa = PBXFileReference; lastKnownFileType = file.playground; path = String.playground; sourceTree = "<group>"; };
		7B74A06929E50AAA008A20B8 /* Math.playground */ = {isa = PBXFileReference; lastKnownFileType = file.playground; path = Math.playground; sourceTree = "<group>"; xcLanguageSpecificationIdentifier = xcode.lang.swift; };
		7B74A06A29E50AAA008A20B8 /* File.playground */ = {isa = PBXFileReference; lastKnownFileType = file.playground; path = File.playground; sourceTree = "<group>"; };
		7B74A06B29E50AAA008A20B8 /* Array.playground */ = {isa = PBXFileReference; lastKnownFileType = file.playground; path = Array.playground; sourceTree = "<group>"; };
		7B74A06C29E50AAA008A20B8 /* 반복문.playground */ = {isa = PBXFileReference; lastKnownFileType = file.playground; path = "반복문.playground"; sourceTree = "<group>"; };
		7B74A06D29E50AAB008A20B8 /* Character.playground */ = {isa = PBXFileReference; lastKnownFileType = file.playground; path = Character.playground; sourceTree = "<group>"; };
		7B74A06F29E50ACC008A20B8 /* DFS_BFS */ = {isa = PBXFileReference; lastKnownFileType = folder; path = DFS_BFS; sourceTree = "<group>"; };
		7B74A07029E50ACC008A20B8 /* 알고리즘DP */ = {isa = PBXFileReference; lastKnownFileType = folder; path = "알고리즘DP"; sourceTree = "<group>"; };
		7B74A07129E50ACC008A20B8 /* Karasuba */ = {isa = PBXFileReference; lastKnownFileType = folder; path = Karasuba; sourceTree = "<group>"; };
		7B74A07529E50B24008A20B8 /* jongman.playground */ = {isa = PBXFileReference; lastKnownFileType = file.playground; path = jongman.playground; sourceTree = "<group>"; };
		7B74A07629E50B24008A20B8 /* midTest.playground */ = {isa = PBXFileReference; lastKnownFileType = file.playground; path = midTest.playground; sourceTree = "<group>"; };
		7B74A07729E50B24008A20B8 /* Day2_1.playground */ = {isa = PBXFileReference; lastKnownFileType = file.playground; path = Day2_1.playground; sourceTree = "<group>"; };
		7B74A07829E50B25008A20B8 /* Day1_2.playground */ = {isa = PBXFileReference; lastKnownFileType = file.playground; path = Day1_2.playground; sourceTree = "<group>"; };
		7B74A07929E50B25008A20B8 /* Day3_2.playground */ = {isa = PBXFileReference; lastKnownFileType = file.playground; path = Day3_2.playground; sourceTree = "<group>"; };
		7B74A07A29E50B25008A20B8 /* Day4_3.playground */ = {isa = PBXFileReference; lastKnownFileType = file.playground; path = Day4_3.playground; sourceTree = "<group>"; };
		7B74A07B29E50B25008A20B8 /* Day2_3.playground */ = {isa = PBXFileReference; lastKnownFileType = file.playground; path = Day2_3.playground; sourceTree = "<group>"; };
		7B74A07C29E50B25008A20B8 /* Day3_1.playground */ = {isa = PBXFileReference; lastKnownFileType = file.playground; path = Day3_1.playground; sourceTree = "<group>"; };
		7B74A07D29E50B25008A20B8 /* Day4_1.playground */ = {isa = PBXFileReference; lastKnownFileType = file.playground; path = Day4_1.playground; sourceTree = "<group>"; };
		7B74A07E29E50B25008A20B8 /* Day5_1.playground */ = {isa = PBXFileReference; lastKnownFileType = file.playground; path = Day5_1.playground; sourceTree = "<group>"; };
		7B74A07F29E50B25008A20B8 /* Day4_2.playground */ = {isa = PBXFileReference; lastKnownFileType = file.playground; path = Day4_2.playground; sourceTree = "<group>"; };
		7B74A08029E50B25008A20B8 /* Day5_2.playground */ = {isa = PBXFileReference; lastKnownFileType = file.playground; path = Day5_2.playground; sourceTree = "<group>"; };
		7B74A08129E50B25008A20B8 /* Day1_1.playground */ = {isa = PBXFileReference; lastKnownFileType = file.playground; path = Day1_1.playground; sourceTree = "<group>"; };
		7B74A08229E50B25008A20B8 /* Day2_2.playground */ = {isa = PBXFileReference; lastKnownFileType = file.playground; path = Day2_2.playground; sourceTree = "<group>"; };
		7B74A08329E50B26008A20B8 /* Day6_1.playground */ = {isa = PBXFileReference; lastKnownFileType = file.playground; path = Day6_1.playground; sourceTree = "<group>"; };
		7B74A08429E50B26008A20B8 /* Day4_4.playground */ = {isa = PBXFileReference; lastKnownFileType = file.playground; path = Day4_4.playground; sourceTree = "<group>"; };
		7B74A08529E50B88008A20B8 /* Graph */ = {isa = PBXFileReference; lastKnownFileType = folder; path = Graph; sourceTree = "<group>"; };
		7B74A08629E50B88008A20B8 /* LinkedList */ = {isa = PBXFileReference; lastKnownFileType = folder; path = LinkedList; sourceTree = "<group>"; };
		7B74A08729E50B89008A20B8 /* Priority queue */ = {isa = PBXFileReference; lastKnownFileType = folder; path = "Priority queue"; sourceTree = "<group>"; };
		7B74A08829E50B89008A20B8 /* Stack */ = {isa = PBXFileReference; lastKnownFileType = folder; path = Stack; sourceTree = "<group>"; };
		7B74A08929E50B89008A20B8 /* Queue */ = {isa = PBXFileReference; lastKnownFileType = folder; path = Queue; sourceTree = "<group>"; };
		7B74A08A29E50B89008A20B8 /* Sort */ = {isa = PBXFileReference; lastKnownFileType = folder; path = Sort; sourceTree = "<group>"; };
		7B74A08B29E50B89008A20B8 /* Tree */ = {isa = PBXFileReference; lastKnownFileType = folder; path = Tree; sourceTree = "<group>"; };
		7B74A09429E50E2C008A20B8 /* 여행경로.playground */ = {isa = PBXFileReference; lastKnownFileType = file.playground; path = "여행경로.playground"; sourceTree = "<group>"; xcLanguageSpecificationIdentifier = xcode.lang.swift; };
		7B74A09529E52588008A20B8 /* 문제.playground */ = {isa = PBXFileReference; lastKnownFileType = file.playground; path = "문제.playground"; sourceTree = "<group>"; xcLanguageSpecificationIdentifier = xcode.lang.swift; };
		7B74A09629E525A1008A20B8 /* 사과박스_약수.playground */ = {isa = PBXFileReference; lastKnownFileType = file.playground; path = "사과박스_약수.playground"; sourceTree = "<group>"; xcLanguageSpecificationIdentifier = xcode.lang.swift; };
		7B841D7629E900C3004AE241 /* 소수판별.playground */ = {isa = PBXFileReference; lastKnownFileType = file.playground; path = "소수판별.playground"; sourceTree = "<group>"; xcLanguageSpecificationIdentifier = xcode.lang.swift; };
		7B841D7729E900C3004AE241 /* 최소직사각형.playground */ = {isa = PBXFileReference; lastKnownFileType = file.playground; path = "최소직사각형.playground"; sourceTree = "<group>"; xcLanguageSpecificationIdentifier = xcode.lang.swift; };
		7B841D7829E900C3004AE241 /* 모의고사.playground */ = {isa = PBXFileReference; lastKnownFileType = file.playground; path = "모의고사.playground"; sourceTree = "<group>"; xcLanguageSpecificationIdentifier = xcode.lang.swift; };
		7B841D7929E900C3004AE241 /* 전력망을 둘로 나누기.playground */ = {isa = PBXFileReference; lastKnownFileType = file.playground; path = "전력망을 둘로 나누기.playground"; sourceTree = "<group>"; xcLanguageSpecificationIdentifier = xcode.lang.swift; };
		7B841D7A29E900CA004AE241 /* 피로도.playground */ = {isa = PBXFileReference; lastKnownFileType = file.playground; path = "피로도.playground"; sourceTree = "<group>"; xcLanguageSpecificationIdentifier = xcode.lang.swift; };
		7BC3AEC229E65E1200376DA8 /* 힙 자료구조.playground */ = {isa = PBXFileReference; lastKnownFileType = file.playground; path = "힙 자료구조.playground"; sourceTree = "<group>"; xcLanguageSpecificationIdentifier = xcode.lang.swift; };
		7BC3AEC329E6682C00376DA8 /* 디스크 컨트롤러.playground */ = {isa = PBXFileReference; lastKnownFileType = file.playground; path = "디스크 컨트롤러.playground"; sourceTree = "<group>"; xcLanguageSpecificationIdentifier = xcode.lang.swift; };
		7BFA370029E8166300152AF3 /* 카펫.playground */ = {isa = PBXFileReference; lastKnownFileType = file.playground; path = "카펫.playground"; sourceTree = "<group>"; xcLanguageSpecificationIdentifier = xcode.lang.swift; };
/* End PBXFileReference section */

/* Begin PBXFrameworksBuildPhase section */
		30DF819E29E42EDE003C9184 /* Frameworks */ = {
			isa = PBXFrameworksBuildPhase;
			buildActionMask = 2147483647;
			files = (
			);
			runOnlyForDeploymentPostprocessing = 0;
		};
/* End PBXFrameworksBuildPhase section */

/* Begin PBXGroup section */
		30DF819829E42EDD003C9184 = {
			isa = PBXGroup;
			children = (
				30DF81A329E42EDE003C9184 /* SwiftAlgorithmStudy */,
				30DF81A229E42EDE003C9184 /* Products */,
			);
			sourceTree = "<group>";
		};
		30DF81A229E42EDE003C9184 /* Products */ = {
			isa = PBXGroup;
			children = (
				30DF81A129E42EDE003C9184 /* SwiftAlgorithmStudy.app */,
			);
			name = Products;
			sourceTree = "<group>";
		};
		30DF81A329E42EDE003C9184 /* SwiftAlgorithmStudy */ = {
			isa = PBXGroup;
			children = (
				7B74A06E29E50AC3008A20B8 /* 알고리즘 */,
				7B74A05629E50A40008A20B8 /* 자료구조 */,
				7B74A06629E50A98008A20B8 /* ETC */,
				7B74A09329E50D13008A20B8 /* Problem */,
				30DF81B929E42EFD003C9184 /* View */,
				30DF81B229E42EDF003C9184 /* Info.plist */,
			);
			path = SwiftAlgorithmStudy;
			sourceTree = "<group>";
		};
		30DF81B929E42EFD003C9184 /* View */ = {
			isa = PBXGroup;
			children = (
				30DF81A429E42EDE003C9184 /* AppDelegate.swift */,
				30DF81A629E42EDE003C9184 /* SceneDelegate.swift */,
				30DF81A829E42EDE003C9184 /* ViewController.swift */,
				30DF81AA29E42EDE003C9184 /* Main.storyboard */,
				30DF81AD29E42EDF003C9184 /* Assets.xcassets */,
				30DF81AF29E42EDF003C9184 /* LaunchScreen.storyboard */,
			);
			path = View;
			sourceTree = "<group>";
		};
		30DF81BA29E42F1B003C9184 /* Programmers */ = {
			isa = PBXGroup;
			children = (
				7BFA36FF29E8163A00152AF3 /* 완전탐색 */,
				7BC3AEC129E65E0500376DA8 /* 힙 */,
				7B74A03C29E50871008A20B8 /* 기초 */,
				30DF81BB29E42F29003C9184 /* BFSDFS */,
			);
			path = Programmers;
			sourceTree = "<group>";
		};
		30DF81BB29E42F29003C9184 /* BFSDFS */ = {
			isa = PBXGroup;
			children = (
				30DF81B829E42EED003C9184 /* 타겟 넘버.playground */,
				30DF81BC29E42F41003C9184 /* BFSDFS.playground */,
				30DF81BD29E43FF1003C9184 /* 네트워크.playground */,
				30DF81BE29E45139003C9184 /* 단어변환.playground */,
				7B74A09429E50E2C008A20B8 /* 여행경로.playground */,
				30E2C02B29E58DD60092D94E /* 퍼즐 조각 채우기.playground */,
			);
			path = BFSDFS;
			sourceTree = "<group>";
		};
		7B74A03C29E50871008A20B8 /* 기초 */ = {
			isa = PBXGroup;
			children = (
				7B74A04929E50A24008A20B8 /* 대충 만든 자판.playground */,
				7B74A04729E50A24008A20B8 /* 덧칠하기.playground */,
				7B74A04829E50A24008A20B8 /* 카드 뭉치.playground */,
				7B74A03D29E509D8008A20B8 /* 공원산책.playground */,
				7B74A04229E509D9008A20B8 /* 과제 진행하기.playground */,
				7B74A03F29E509D9008A20B8 /* 광물 캐기.playground */,
				7B74A04129E509D9008A20B8 /* 대충 만든 자판.playground */,
				7B74A03E29E509D9008A20B8 /* 덧칠하기.playground */,
				7B74A04029E509D9008A20B8 /* 둘만의 암호.playground */,
				7B74A04329E509D9008A20B8 /* 바탕화면 정리.playground */,
				7B74A04429E509D9008A20B8 /* 추억점수.playground */,
				7B74A04529E509D9008A20B8 /* 카드 뭉치.playground */,
				7B74A09529E52588008A20B8 /* 문제.playground */,
				7B74A09629E525A1008A20B8 /* 사과박스_약수.playground */,
			);
			name = "기초";
			path = "기초";
			sourceTree = "<group>";
		};
		7B74A04629E509E7008A20B8 /* Acmicpc */ = {
			isa = PBXGroup;
			children = (
				7B74A04D29E50A34008A20B8 /* Brute Force문제 */,
				7B74A04A29E50A33008A20B8 /* DP문제 */,
				7B74A04F29E50A34008A20B8 /* Greedy문제 */,
				7B74A04C29E50A34008A20B8 /* Priority queue문제 */,
				7B74A04B29E50A34008A20B8 /* SegmentTree문제 */,
				7B74A04E29E50A34008A20B8 /* Stack문제 */,
			);
			path = Acmicpc;
			sourceTree = "<group>";
		};
		7B74A05629E50A40008A20B8 /* 자료구조 */ = {
			isa = PBXGroup;
			children = (
				7B74A08529E50B88008A20B8 /* Graph */,
				7B74A08629E50B88008A20B8 /* LinkedList */,
				7B74A08729E50B89008A20B8 /* Priority queue */,
				7B74A08929E50B89008A20B8 /* Queue */,
				7B74A08A29E50B89008A20B8 /* Sort */,
				7B74A08829E50B89008A20B8 /* Stack */,
				7B74A08B29E50B89008A20B8 /* Tree */,
			);
			name = "자료구조";
			path = "자료구조";
			sourceTree = "<group>";
		};
		7B74A06529E50A7B008A20B8 /* Algospot */ = {
			isa = PBXGroup;
			children = (
				7B74A08129E50B25008A20B8 /* Day1_1.playground */,
				7B74A07829E50B25008A20B8 /* Day1_2.playground */,
				7B74A07729E50B24008A20B8 /* Day2_1.playground */,
				7B74A08229E50B25008A20B8 /* Day2_2.playground */,
				7B74A07B29E50B25008A20B8 /* Day2_3.playground */,
				7B74A07C29E50B25008A20B8 /* Day3_1.playground */,
				7B74A07929E50B25008A20B8 /* Day3_2.playground */,
				7B74A07D29E50B25008A20B8 /* Day4_1.playground */,
				7B74A07F29E50B25008A20B8 /* Day4_2.playground */,
				7B74A07A29E50B25008A20B8 /* Day4_3.playground */,
				7B74A08429E50B26008A20B8 /* Day4_4.playground */,
				7B74A07E29E50B25008A20B8 /* Day5_1.playground */,
				7B74A08029E50B25008A20B8 /* Day5_2.playground */,
				7B74A08329E50B26008A20B8 /* Day6_1.playground */,
				7B74A07529E50B24008A20B8 /* jongman.playground */,
				7B74A07629E50B24008A20B8 /* midTest.playground */,
			);
			path = Algospot;
			sourceTree = "<group>";
		};
		7B74A06629E50A98008A20B8 /* ETC */ = {
			isa = PBXGroup;
			children = (
				7B74A06C29E50AAA008A20B8 /* 반복문.playground */,
				7B74A06B29E50AAA008A20B8 /* Array.playground */,
				7B74A06D29E50AAB008A20B8 /* Character.playground */,
				7B74A06729E50AAA008A20B8 /* Design_init&Convenience_init.playground */,
				7B74A06A29E50AAA008A20B8 /* File.playground */,
				7B74A06929E50AAA008A20B8 /* Math.playground */,
				7B74A06829E50AAA008A20B8 /* String.playground */,
			);
			path = ETC;
			sourceTree = "<group>";
		};
		7B74A06E29E50AC3008A20B8 /* 알고리즘 */ = {
			isa = PBXGroup;
			children = (
				7B74A06F29E50ACC008A20B8 /* DFS_BFS */,
				7B74A07029E50ACC008A20B8 /* 알고리즘DP */,
				7B74A07129E50ACC008A20B8 /* Karasuba */,
			);
			name = "알고리즘";
			path = "알고리즘";
			sourceTree = "<group>";
		};
		7B74A09329E50D13008A20B8 /* Problem */ = {
			isa = PBXGroup;
			children = (
				7B74A04629E509E7008A20B8 /* Acmicpc */,
				30DF81BA29E42F1B003C9184 /* Programmers */,
				7B74A06529E50A7B008A20B8 /* Algospot */,
			);
			path = Problem;
			sourceTree = "<group>";
		};
		7BC3AEC129E65E0500376DA8 /* 힙 */ = {
			isa = PBXGroup;
			children = (
				7BC3AEC229E65E1200376DA8 /* 힙 자료구조.playground */,
				7BC3AEC329E6682C00376DA8 /* 디스크 컨트롤러.playground */,
			);
			name = "힙";
			path = "힙";
			sourceTree = "<group>";
		};
		7BFA36FF29E8163A00152AF3 /* 완전탐색 */ = {
			isa = PBXGroup;
			children = (
				7B841D7829E900C3004AE241 /* 모의고사.playground */,
				7B841D7629E900C3004AE241 /* 소수판별.playground */,
				7B841D7929E900C3004AE241 /* 전력망을 둘로 나누기.playground */,
				7B841D7A29E900CA004AE241 /* 피로도.playground */,
				7B841D7729E900C3004AE241 /* 최소직사각형.playground */,
				7BFA370029E8166300152AF3 /* 카펫.playground */,
			);
			name = "완전탐색";
			path = "완전탐색";
			sourceTree = "<group>";
		};
/* End PBXGroup section */

/* Begin PBXNativeTarget section */
		30DF81A029E42EDE003C9184 /* SwiftAlgorithmStudy */ = {
			isa = PBXNativeTarget;
			buildConfigurationList = 30DF81B529E42EDF003C9184 /* Build configuration list for PBXNativeTarget "SwiftAlgorithmStudy" */;
			buildPhases = (
				30DF819D29E42EDE003C9184 /* Sources */,
				30DF819E29E42EDE003C9184 /* Frameworks */,
				30DF819F29E42EDE003C9184 /* Resources */,
			);
			buildRules = (
			);
			dependencies = (
			);
			name = SwiftAlgorithmStudy;
			productName = SwiftAlgorithmStudy;
			productReference = 30DF81A129E42EDE003C9184 /* SwiftAlgorithmStudy.app */;
			productType = "com.apple.product-type.application";
		};
/* End PBXNativeTarget section */

/* Begin PBXProject section */
		30DF819929E42EDD003C9184 /* Project object */ = {
			isa = PBXProject;
			attributes = {
				BuildIndependentTargetsInParallel = 1;
				LastSwiftUpdateCheck = 1410;
				LastUpgradeCheck = 1410;
				TargetAttributes = {
					30DF81A029E42EDE003C9184 = {
						CreatedOnToolsVersion = 14.1;
					};
				};
			};
			buildConfigurationList = 30DF819C29E42EDD003C9184 /* Build configuration list for PBXProject "SwiftAlgorithmStudy" */;
			compatibilityVersion = "Xcode 14.0";
			developmentRegion = en;
			hasScannedForEncodings = 0;
			knownRegions = (
				en,
				Base,
			);
			mainGroup = 30DF819829E42EDD003C9184;
			productRefGroup = 30DF81A229E42EDE003C9184 /* Products */;
			projectDirPath = "";
			projectRoot = "";
			targets = (
				30DF81A029E42EDE003C9184 /* SwiftAlgorithmStudy */,
			);
		};
/* End PBXProject section */

/* Begin PBXResourcesBuildPhase section */
		30DF819F29E42EDE003C9184 /* Resources */ = {
			isa = PBXResourcesBuildPhase;
			buildActionMask = 2147483647;
			files = (
				7B74A07429E50ACC008A20B8 /* Karasuba in Resources */,
				30DF81B129E42EDF003C9184 /* LaunchScreen.storyboard in Resources */,
				7B74A05229E50A34008A20B8 /* Priority queue문제 in Resources */,
				7B74A05329E50A34008A20B8 /* Brute Force문제 in Resources */,
				7B74A07229E50ACC008A20B8 /* DFS_BFS in Resources */,
				7B74A05429E50A34008A20B8 /* Stack문제 in Resources */,
				7B74A09129E50B89008A20B8 /* Sort in Resources */,
				7B74A07329E50ACC008A20B8 /* 알고리즘DP in Resources */,
				7B74A09029E50B89008A20B8 /* Queue in Resources */,
				7B74A05129E50A34008A20B8 /* SegmentTree문제 in Resources */,
				7B74A05529E50A34008A20B8 /* Greedy문제 in Resources */,
				7B74A08D29E50B89008A20B8 /* LinkedList in Resources */,
				30DF81AE29E42EDF003C9184 /* Assets.xcassets in Resources */,
				7B74A08F29E50B89008A20B8 /* Stack in Resources */,
				7B74A05029E50A34008A20B8 /* DP문제 in Resources */,
				30DF81AC29E42EDE003C9184 /* Main.storyboard in Resources */,
				7B74A08E29E50B89008A20B8 /* Priority queue in Resources */,
				7B74A08C29E50B89008A20B8 /* Graph in Resources */,
				7B74A09229E50B89008A20B8 /* Tree in Resources */,
			);
			runOnlyForDeploymentPostprocessing = 0;
		};
/* End PBXResourcesBuildPhase section */

/* Begin PBXSourcesBuildPhase section */
		30DF819D29E42EDE003C9184 /* Sources */ = {
			isa = PBXSourcesBuildPhase;
			buildActionMask = 2147483647;
			files = (
				30DF81A929E42EDE003C9184 /* ViewController.swift in Sources */,
				30DF81A529E42EDE003C9184 /* AppDelegate.swift in Sources */,
				30DF81A729E42EDE003C9184 /* SceneDelegate.swift in Sources */,
			);
			runOnlyForDeploymentPostprocessing = 0;
		};
/* End PBXSourcesBuildPhase section */

/* Begin PBXVariantGroup section */
		30DF81AA29E42EDE003C9184 /* Main.storyboard */ = {
			isa = PBXVariantGroup;
			children = (
				30DF81AB29E42EDE003C9184 /* Base */,
			);
			name = Main.storyboard;
			sourceTree = "<group>";
		};
		30DF81AF29E42EDF003C9184 /* LaunchScreen.storyboard */ = {
			isa = PBXVariantGroup;
			children = (
				30DF81B029E42EDF003C9184 /* Base */,
			);
			name = LaunchScreen.storyboard;
			sourceTree = "<group>";
		};
/* End PBXVariantGroup section */

/* Begin XCBuildConfiguration section */
		30DF81B329E42EDF003C9184 /* Debug */ = {
			isa = XCBuildConfiguration;
			buildSettings = {
				ALWAYS_SEARCH_USER_PATHS = NO;
				CLANG_ANALYZER_NONNULL = YES;
				CLANG_ANALYZER_NUMBER_OBJECT_CONVERSION = YES_AGGRESSIVE;
				CLANG_CXX_LANGUAGE_STANDARD = "gnu++20";
				CLANG_ENABLE_MODULES = YES;
				CLANG_ENABLE_OBJC_ARC = YES;
				CLANG_ENABLE_OBJC_WEAK = YES;
				CLANG_WARN_BLOCK_CAPTURE_AUTORELEASING = YES;
				CLANG_WARN_BOOL_CONVERSION = YES;
				CLANG_WARN_COMMA = YES;
				CLANG_WARN_CONSTANT_CONVERSION = YES;
				CLANG_WARN_DEPRECATED_OBJC_IMPLEMENTATIONS = YES;
				CLANG_WARN_DIRECT_OBJC_ISA_USAGE = YES_ERROR;
				CLANG_WARN_DOCUMENTATION_COMMENTS = YES;
				CLANG_WARN_EMPTY_BODY = YES;
				CLANG_WARN_ENUM_CONVERSION = YES;
				CLANG_WARN_INFINITE_RECURSION = YES;
				CLANG_WARN_INT_CONVERSION = YES;
				CLANG_WARN_NON_LITERAL_NULL_CONVERSION = YES;
				CLANG_WARN_OBJC_IMPLICIT_RETAIN_SELF = YES;
				CLANG_WARN_OBJC_LITERAL_CONVERSION = YES;
				CLANG_WARN_OBJC_ROOT_CLASS = YES_ERROR;
				CLANG_WARN_QUOTED_INCLUDE_IN_FRAMEWORK_HEADER = YES;
				CLANG_WARN_RANGE_LOOP_ANALYSIS = YES;
				CLANG_WARN_STRICT_PROTOTYPES = YES;
				CLANG_WARN_SUSPICIOUS_MOVE = YES;
				CLANG_WARN_UNGUARDED_AVAILABILITY = YES_AGGRESSIVE;
				CLANG_WARN_UNREACHABLE_CODE = YES;
				CLANG_WARN__DUPLICATE_METHOD_MATCH = YES;
				COPY_PHASE_STRIP = NO;
				DEBUG_INFORMATION_FORMAT = dwarf;
				ENABLE_STRICT_OBJC_MSGSEND = YES;
				ENABLE_TESTABILITY = YES;
				GCC_C_LANGUAGE_STANDARD = gnu11;
				GCC_DYNAMIC_NO_PIC = NO;
				GCC_NO_COMMON_BLOCKS = YES;
				GCC_OPTIMIZATION_LEVEL = 0;
				GCC_PREPROCESSOR_DEFINITIONS = (
					"DEBUG=1",
					"$(inherited)",
				);
				GCC_WARN_64_TO_32_BIT_CONVERSION = YES;
				GCC_WARN_ABOUT_RETURN_TYPE = YES_ERROR;
				GCC_WARN_UNDECLARED_SELECTOR = YES;
				GCC_WARN_UNINITIALIZED_AUTOS = YES_AGGRESSIVE;
				GCC_WARN_UNUSED_FUNCTION = YES;
				GCC_WARN_UNUSED_VARIABLE = YES;
				IPHONEOS_DEPLOYMENT_TARGET = 16.1;
				MTL_ENABLE_DEBUG_INFO = INCLUDE_SOURCE;
				MTL_FAST_MATH = YES;
				ONLY_ACTIVE_ARCH = YES;
				SDKROOT = iphoneos;
				SWIFT_ACTIVE_COMPILATION_CONDITIONS = DEBUG;
				SWIFT_OPTIMIZATION_LEVEL = "-Onone";
			};
			name = Debug;
		};
		30DF81B429E42EDF003C9184 /* Release */ = {
			isa = XCBuildConfiguration;
			buildSettings = {
				ALWAYS_SEARCH_USER_PATHS = NO;
				CLANG_ANALYZER_NONNULL = YES;
				CLANG_ANALYZER_NUMBER_OBJECT_CONVERSION = YES_AGGRESSIVE;
				CLANG_CXX_LANGUAGE_STANDARD = "gnu++20";
				CLANG_ENABLE_MODULES = YES;
				CLANG_ENABLE_OBJC_ARC = YES;
				CLANG_ENABLE_OBJC_WEAK = YES;
				CLANG_WARN_BLOCK_CAPTURE_AUTORELEASING = YES;
				CLANG_WARN_BOOL_CONVERSION = YES;
				CLANG_WARN_COMMA = YES;
				CLANG_WARN_CONSTANT_CONVERSION = YES;
				CLANG_WARN_DEPRECATED_OBJC_IMPLEMENTATIONS = YES;
				CLANG_WARN_DIRECT_OBJC_ISA_USAGE = YES_ERROR;
				CLANG_WARN_DOCUMENTATION_COMMENTS = YES;
				CLANG_WARN_EMPTY_BODY = YES;
				CLANG_WARN_ENUM_CONVERSION = YES;
				CLANG_WARN_INFINITE_RECURSION = YES;
				CLANG_WARN_INT_CONVERSION = YES;
				CLANG_WARN_NON_LITERAL_NULL_CONVERSION = YES;
				CLANG_WARN_OBJC_IMPLICIT_RETAIN_SELF = YES;
				CLANG_WARN_OBJC_LITERAL_CONVERSION = YES;
				CLANG_WARN_OBJC_ROOT_CLASS = YES_ERROR;
				CLANG_WARN_QUOTED_INCLUDE_IN_FRAMEWORK_HEADER = YES;
				CLANG_WARN_RANGE_LOOP_ANALYSIS = YES;
				CLANG_WARN_STRICT_PROTOTYPES = YES;
				CLANG_WARN_SUSPICIOUS_MOVE = YES;
				CLANG_WARN_UNGUARDED_AVAILABILITY = YES_AGGRESSIVE;
				CLANG_WARN_UNREACHABLE_CODE = YES;
				CLANG_WARN__DUPLICATE_METHOD_MATCH = YES;
				COPY_PHASE_STRIP = NO;
				DEBUG_INFORMATION_FORMAT = "dwarf-with-dsym";
				ENABLE_NS_ASSERTIONS = NO;
				ENABLE_STRICT_OBJC_MSGSEND = YES;
				GCC_C_LANGUAGE_STANDARD = gnu11;
				GCC_NO_COMMON_BLOCKS = YES;
				GCC_WARN_64_TO_32_BIT_CONVERSION = YES;
				GCC_WARN_ABOUT_RETURN_TYPE = YES_ERROR;
				GCC_WARN_UNDECLARED_SELECTOR = YES;
				GCC_WARN_UNINITIALIZED_AUTOS = YES_AGGRESSIVE;
				GCC_WARN_UNUSED_FUNCTION = YES;
				GCC_WARN_UNUSED_VARIABLE = YES;
				IPHONEOS_DEPLOYMENT_TARGET = 16.1;
				MTL_ENABLE_DEBUG_INFO = NO;
				MTL_FAST_MATH = YES;
				SDKROOT = iphoneos;
				SWIFT_COMPILATION_MODE = wholemodule;
				SWIFT_OPTIMIZATION_LEVEL = "-O";
				VALIDATE_PRODUCT = YES;
			};
			name = Release;
		};
		30DF81B629E42EDF003C9184 /* Debug */ = {
			isa = XCBuildConfiguration;
			buildSettings = {
				ASSETCATALOG_COMPILER_APPICON_NAME = AppIcon;
				ASSETCATALOG_COMPILER_GLOBAL_ACCENT_COLOR_NAME = AccentColor;
				CODE_SIGN_STYLE = Automatic;
				CURRENT_PROJECT_VERSION = 1;
				DEVELOPMENT_TEAM = 9Y3C29YBST;
				GENERATE_INFOPLIST_FILE = YES;
				INFOPLIST_FILE = SwiftAlgorithmStudy/Info.plist;
				INFOPLIST_KEY_UIApplicationSupportsIndirectInputEvents = YES;
				INFOPLIST_KEY_UILaunchStoryboardName = LaunchScreen;
				INFOPLIST_KEY_UIMainStoryboardFile = Main;
				INFOPLIST_KEY_UISupportedInterfaceOrientations_iPad = "UIInterfaceOrientationPortrait UIInterfaceOrientationPortraitUpsideDown UIInterfaceOrientationLandscapeLeft UIInterfaceOrientationLandscapeRight";
				INFOPLIST_KEY_UISupportedInterfaceOrientations_iPhone = "UIInterfaceOrientationPortrait UIInterfaceOrientationLandscapeLeft UIInterfaceOrientationLandscapeRight";
				LD_RUNPATH_SEARCH_PATHS = (
					"$(inherited)",
					"@executable_path/Frameworks",
				);
				MARKETING_VERSION = 1.0;
				PRODUCT_BUNDLE_IDENTIFIER = "-23.SwiftAlgorithmStudy";
				PRODUCT_NAME = "$(TARGET_NAME)";
				SWIFT_EMIT_LOC_STRINGS = YES;
				SWIFT_VERSION = 5.0;
				TARGETED_DEVICE_FAMILY = "1,2";
			};
			name = Debug;
		};
		30DF81B729E42EDF003C9184 /* Release */ = {
			isa = XCBuildConfiguration;
			buildSettings = {
				ASSETCATALOG_COMPILER_APPICON_NAME = AppIcon;
				ASSETCATALOG_COMPILER_GLOBAL_ACCENT_COLOR_NAME = AccentColor;
				CODE_SIGN_STYLE = Automatic;
				CURRENT_PROJECT_VERSION = 1;
				DEVELOPMENT_TEAM = 9Y3C29YBST;
				GENERATE_INFOPLIST_FILE = YES;
				INFOPLIST_FILE = SwiftAlgorithmStudy/Info.plist;
				INFOPLIST_KEY_UIApplicationSupportsIndirectInputEvents = YES;
				INFOPLIST_KEY_UILaunchStoryboardName = LaunchScreen;
				INFOPLIST_KEY_UIMainStoryboardFile = Main;
				INFOPLIST_KEY_UISupportedInterfaceOrientations_iPad = "UIInterfaceOrientationPortrait UIInterfaceOrientationPortraitUpsideDown UIInterfaceOrientationLandscapeLeft UIInterfaceOrientationLandscapeRight";
				INFOPLIST_KEY_UISupportedInterfaceOrientations_iPhone = "UIInterfaceOrientationPortrait UIInterfaceOrientationLandscapeLeft UIInterfaceOrientationLandscapeRight";
				LD_RUNPATH_SEARCH_PATHS = (
					"$(inherited)",
					"@executable_path/Frameworks",
				);
				MARKETING_VERSION = 1.0;
				PRODUCT_BUNDLE_IDENTIFIER = "-23.SwiftAlgorithmStudy";
				PRODUCT_NAME = "$(TARGET_NAME)";
				SWIFT_EMIT_LOC_STRINGS = YES;
				SWIFT_VERSION = 5.0;
				TARGETED_DEVICE_FAMILY = "1,2";
			};
			name = Release;
		};
/* End XCBuildConfiguration section */

/* Begin XCConfigurationList section */
		30DF819C29E42EDD003C9184 /* Build configuration list for PBXProject "SwiftAlgorithmStudy" */ = {
			isa = XCConfigurationList;
			buildConfigurations = (
				30DF81B329E42EDF003C9184 /* Debug */,
				30DF81B429E42EDF003C9184 /* Release */,
			);
			defaultConfigurationIsVisible = 0;
			defaultConfigurationName = Release;
		};
		30DF81B529E42EDF003C9184 /* Build configuration list for PBXNativeTarget "SwiftAlgorithmStudy" */ = {
			isa = XCConfigurationList;
			buildConfigurations = (
				30DF81B629E42EDF003C9184 /* Debug */,
				30DF81B729E42EDF003C9184 /* Release */,
			);
			defaultConfigurationIsVisible = 0;
			defaultConfigurationName = Release;
		};
/* End XCConfigurationList section */
	};
	rootObject = 30DF819929E42EDD003C9184 /* Project object */;
}
